
Microsoft Visual Studio Solution File, Format Version 12.00
# Visual Studio Version 17
VisualStudioVersion = 17.11.35312.102
MinimumVisualStudioVersion = 10.0.40219.1
Project("{2150E333-8FDC-42A3-9474-1A3956D46DE8}") = "Services", "Services", "{6E723174-4A61-489F-87D1-90A894673132}"
EndProject
Project("{2150E333-8FDC-42A3-9474-1A3956D46DE8}") = "UsersService", "UsersService", "{3093C9C7-2C6F-40A8-A5C4-353ED9A40B6B}"
EndProject
Project("{FAE04EC0-301F-11D3-BF4B-00C04F79EFBC}") = "API", "Services\UsersService\API\API.csproj", "{1AFF2121-2667-478D-AED1-19AEF7507E04}"
EndProject
Project("{2150E333-8FDC-42A3-9474-1A3956D46DE8}") = "ProductsService", "ProductsService", "{A8FE89F4-4225-400E-8F69-469B434AC2C8}"
EndProject
Project("{FAE04EC0-301F-11D3-BF4B-00C04F79EFBC}") = "API", "Services\ProductsService\API\API.csproj", "{1307E2F0-9300-4B78-AFCC-8CCB61DA09D5}"
EndProject
Global
	GlobalSection(SolutionProperties) = preSolution
		HideSolutionNode = FALSE
	EndGlobalSection
	GlobalSection(ExtensibilityGlobals) = postSolution
		SolutionGuid = {C1885FD1-C304-486D-80D1-B21249BC2414}
	EndGlobalSection
	GlobalSection(SolutionConfigurationPlatforms) = preSolution
		Debug|Any CPU = Debug|Any CPU
		Debug|x64 = Debug|x64
		Debug|x86 = Debug|x86
		Release|Any CPU = Release|Any CPU
		Release|x64 = Release|x64
		Release|x86 = Release|x86
	EndGlobalSection
	GlobalSection(ProjectConfigurationPlatforms) = postSolution
		{1AFF2121-2667-478D-AED1-19AEF7507E04}.Debug|Any CPU.ActiveCfg = Debug|Any CPU
		{1AFF2121-2667-478D-AED1-19AEF7507E04}.Debug|Any CPU.Build.0 = Debug|Any CPU
		{1AFF2121-2667-478D-AED1-19AEF7507E04}.Debug|x64.ActiveCfg = Debug|Any CPU
		{1AFF2121-2667-478D-AED1-19AEF7507E04}.Debug|x64.Build.0 = Debug|Any CPU
		{1AFF2121-2667-478D-AED1-19AEF7507E04}.Debug|x86.ActiveCfg = Debug|Any CPU
		{1AFF2121-2667-478D-AED1-19AEF7507E04}.Debug|x86.Build.0 = Debug|Any CPU
		{1AFF2121-2667-478D-AED1-19AEF7507E04}.Release|Any CPU.ActiveCfg = Release|Any CPU
		{1AFF2121-2667-478D-AED1-19AEF7507E04}.Release|Any CPU.Build.0 = Release|Any CPU
		{1AFF2121-2667-478D-AED1-19AEF7507E04}.Release|x64.ActiveCfg = Release|Any CPU
		{1AFF2121-2667-478D-AED1-19AEF7507E04}.Release|x64.Build.0 = Release|Any CPU
		{1AFF2121-2667-478D-AED1-19AEF7507E04}.Release|x86.ActiveCfg = Release|Any CPU
		{1AFF2121-2667-478D-AED1-19AEF7507E04}.Release|x86.Build.0 = Release|Any CPU
		{1307E2F0-9300-4B78-AFCC-8CCB61DA09D5}.Debug|Any CPU.ActiveCfg = Debug|Any CPU
		{1307E2F0-9300-4B78-AFCC-8CCB61DA09D5}.Debug|Any CPU.Build.0 = Debug|Any CPU
		{1307E2F0-9300-4B78-AFCC-8CCB61DA09D5}.Debug|x64.ActiveCfg = Debug|Any CPU
		{1307E2F0-9300-4B78-AFCC-8CCB61DA09D5}.Debug|x64.Build.0 = Debug|Any CPU
		{1307E2F0-9300-4B78-AFCC-8CCB61DA09D5}.Debug|x86.ActiveCfg = Debug|Any CPU
		{1307E2F0-9300-4B78-AFCC-8CCB61DA09D5}.Debug|x86.Build.0 = Debug|Any CPU
		{1307E2F0-9300-4B78-AFCC-8CCB61DA09D5}.Release|Any CPU.ActiveCfg = Release|Any CPU
		{1307E2F0-9300-4B78-AFCC-8CCB61DA09D5}.Release|Any CPU.Build.0 = Release|Any CPU
		{1307E2F0-9300-4B78-AFCC-8CCB61DA09D5}.Release|x64.ActiveCfg = Release|Any CPU
		{1307E2F0-9300-4B78-AFCC-8CCB61DA09D5}.Release|x64.Build.0 = Release|Any CPU
		{1307E2F0-9300-4B78-AFCC-8CCB61DA09D5}.Release|x86.ActiveCfg = Release|Any CPU
		{1307E2F0-9300-4B78-AFCC-8CCB61DA09D5}.Release|x86.Build.0 = Release|Any CPU
	EndGlobalSection
	GlobalSection(NestedProjects) = preSolution
		{3093C9C7-2C6F-40A8-A5C4-353ED9A40B6B} = {6E723174-4A61-489F-87D1-90A894673132}
		{1AFF2121-2667-478D-AED1-19AEF7507E04} = {3093C9C7-2C6F-40A8-A5C4-353ED9A40B6B}
		{A8FE89F4-4225-400E-8F69-469B434AC2C8} = {6E723174-4A61-489F-87D1-90A894673132}
		{1307E2F0-9300-4B78-AFCC-8CCB61DA09D5} = {A8FE89F4-4225-400E-8F69-469B434AC2C8}
	EndGlobalSection
EndGlobal
